<?xml version="1.0" encoding="utf-8"?>
<Project ToolsVersion="4.0" xmlns="http://schemas.microsoft.com/developer/msbuild/2003">
  <ItemGroup>
    <Filter Include="Source Files">
      <UniqueIdentifier>{4FC737F1-C7A5-4376-A066-2A32D752A2FF}</UniqueIdentifier>
      <Extensions>cpp;c;cc;cxx;c++;cppm;ixx;def;odl;idl;hpj;bat;asm;asmx</Extensions>
    </Filter>
    <Filter Include="Header Files">
      <UniqueIdentifier>{93995380-89BD-4b04-88EB-625FBE52EBFB}</UniqueIdentifier>
      <Extensions>h;hh;hpp;hxx;h++;hm;inl;inc;ipp;xsd</Extensions>
    </Filter>
    <Filter Include="Resource Files">
      <UniqueIdentifier>{67DA6AB6-F800-4c08-8B7A-83BB121AAD01}</UniqueIdentifier>
      <Extensions>rc;ico;cur;bmp;dlg;rc2;rct;bin;rgs;gif;jpg;jpeg;jpe;resx;tiff;tif;png;wav;mfcribbon-ms</Extensions>
    </Filter>
  </ItemGroup>
  <ItemGroup>
    <ClCompile Include="Main.cpp">
      <Filter>Source Files</Filter>
    </ClCompile>
    <ClCompile Include="control\LineManager.cpp">
      <Filter>Source Files</Filter>
    </ClCompile>
    <ClCompile Include="model\GridModel.cpp">
      <Filter>Source Files</Filter>
    </ClCompile>
    <ClCompile Include="view\Visualizer.cpp">
      <Filter>Source Files</Filter>
    </ClCompile>
    <ClCompile Include="math\LSSolver.cpp">
      <Filter>Source Files</Filter>
    </ClCompile>
    <ClCompile Include="math\Matrix.cpp">
      <Filter>Source Files</Filter>
    </ClCompile>
    <ClCompile Include="control\gridStateSolvers\Solver.cpp">
      <Filter>Source Files</Filter>
    </ClCompile>
    <ClCompile Include="control\gridStateSolvers\SolverGradient.cpp">
      <Filter>Source Files</Filter>
    </ClCompile>
    <ClCompile Include="control\gridStateSolvers\SolverNewton.cpp">
      <Filter>Source Files</Filter>
    </ClCompile>
    <ClCompile Include="control\gridStateSolvers\SolverNodal.cpp">
      <Filter>Source Files</Filter>
    </ClCompile>
    <ClCompile Include="math\VectorTools.cpp">
      <Filter>Source Files</Filter>
    </ClCompile>
    <ClCompile Include="control\gridStateSolvers\SolverFLPF.cpp">
      <Filter>Source Files</Filter>
    </ClCompile>
    <ClCompile Include="control\EPGenerator.cpp">
      <Filter>Source Files</Filter>
    </ClCompile>
    <ClCompile Include="view\VisualizerLM.cpp">
      <Filter>Source Files</Filter>
    </ClCompile>
    <ClCompile Include="view\VisualizerCurve.cpp">
      <Filter>Source Files</Filter>
    </ClCompile>
    <ClCompile Include="control\LineManagerBenchmark.cpp">
      <Filter>Source Files</Filter>
    </ClCompile>
    <ClCompile Include="control\SimulationController.cpp">
      <Filter>Source Files</Filter>
    </ClCompile>
    <ClCompile Include="control\gridStateSolvers\SolverLogging.cpp">
      <Filter>Source Files</Filter>
    </ClCompile>
    <ClCompile Include="control\gridStateSolvers\SolverFastGradient.cpp">
      <Filter>Source Files</Filter>
    </ClCompile>
    <ClCompile Include="control\gridStateSolvers\SolverCurrentOperatingPoint.cpp">
      <Filter>Source Files</Filter>
    </ClCompile>
    <ClCompile Include="control\gridStateSolvers\SolverSpice.cpp">
      <Filter>Source Files</Filter>
    </ClCompile>
    <ClCompile Include="model\parser\CSVReader.cpp">
      <Filter>Source Files</Filter>
    </ClCompile>
    <ClCompile Include="model\parser\SimBenchParser.cpp">
      <Filter>Source Files</Filter>
    </ClCompile>
    <ClCompile Include="control\gridStateSolvers\SpiceWrapper.cpp">
      <Filter>Source Files</Filter>
    </ClCompile>
    <ClCompile Include="model\packets\EP.cpp">
      <Filter>Source Files</Filter>
    </ClCompile>
    <ClCompile Include="model\packets\EPPowerRectangular.cpp">
      <Filter>Source Files</Filter>
    </ClCompile>
    <ClCompile Include="model\packets\EPPowerTrapeze.cpp">
      <Filter>Source Files</Filter>
    </ClCompile>
    <ClCompile Include="model\packets\Setpoint.cpp">
      <Filter>Source Files</Filter>
    </ClCompile>
    <ClCompile Include="model\gridElements\CableTypes.cpp">
      <Filter>Source Files</Filter>
    </ClCompile>
    <ClCompile Include="model\gridElements\Coupler.cpp">
      <Filter>Source Files</Filter>
    </ClCompile>
    <ClCompile Include="model\gridElements\CurrentSource.cpp">
      <Filter>Source Files</Filter>
    </ClCompile>
    <ClCompile Include="model\gridElements\Line.cpp">
      <Filter>Source Files</Filter>
    </ClCompile>
    <ClCompile Include="model\gridElements\Node.cpp">
      <Filter>Source Files</Filter>
    </ClCompile>
    <ClCompile Include="model\gridElements\VoltageSource.cpp">
      <Filter>Source Files</Filter>
    </ClCompile>
    <ClCompile Include="view\VisualizerGrid.cpp">
      <Filter>Source Files</Filter>
    </ClCompile>
    <ClCompile Include="model\packets\EPCurrentRectangular.cpp">
      <Filter>Source Files</Filter>
    </ClCompile>
    <ClCompile Include="model\packets\EPCurrentTrapeze.cpp">
      <Filter>Source Files</Filter>
    </ClCompile>
    <ClCompile Include="model\GridModelHelper.cpp">
      <Filter>Source Files</Filter>
    </ClCompile>
    <ClCompile Include="model\GridModelGenerator.cpp">
      <Filter>Source Files</Filter>
    </ClCompile>
    <ClCompile Include="math\Randomizer.cpp">
      <Filter>Source Files</Filter>
    </ClCompile>
  </ItemGroup>
  <ItemGroup>
    <ClInclude Include="control\LineManager.h">
      <Filter>Header Files</Filter>
    </ClInclude>
    <ClInclude Include="model\GridModel.h">
      <Filter>Header Files</Filter>
    </ClInclude>
    <ClInclude Include="view\Visualizer.h">
      <Filter>Header Files</Filter>
    </ClInclude>
    <ClInclude Include="math\Matrix.h">
      <Filter>Header Files</Filter>
    </ClInclude>
    <ClInclude Include="math\LSSolver.h">
      <Filter>Header Files</Filter>
    </ClInclude>
    <ClInclude Include="control\gridStateSolvers\Solver.h">
      <Filter>Header Files</Filter>
    </ClInclude>
    <ClInclude Include="control\gridStateSolvers\SolverGradient.h">
      <Filter>Header Files</Filter>
    </ClInclude>
    <ClInclude Include="control\gridStateSolvers\SolverNewton.h">
      <Filter>Header Files</Filter>
    </ClInclude>
    <ClInclude Include="control\gridStateSolvers\SolverNodal.h">
      <Filter>Header Files</Filter>
    </ClInclude>
    <ClInclude Include="math\VectorTools.h">
      <Filter>Header Files</Filter>
    </ClInclude>
    <ClInclude Include="control\gridStateSolvers\SolverFLPF.h">
      <Filter>Header Files</Filter>
    </ClInclude>
    <ClInclude Include="control\EPGenerator.h">
      <Filter>Header Files</Filter>
    </ClInclude>
    <ClInclude Include="Config.h">
      <Filter>Header Files</Filter>
    </ClInclude>
    <ClInclude Include="view\VisualizerLM.h">
      <Filter>Header Files</Filter>
    </ClInclude>
    <ClInclude Include="view\VisualizerCurve.h">
      <Filter>Header Files</Filter>
    </ClInclude>
    <ClInclude Include="control\LineManagerBenchmark.h">
      <Filter>Header Files</Filter>
    </ClInclude>
    <ClInclude Include="control\SimulationController.h">
      <Filter>Header Files</Filter>
    </ClInclude>
    <ClInclude Include="control\gridStateSolvers\SolverLogging.h">
      <Filter>Header Files</Filter>
    </ClInclude>
    <ClInclude Include="control\gridStateSolvers\SolverFastGradient.h">
      <Filter>Header Files</Filter>
    </ClInclude>
    <ClInclude Include="control\gridStateSolvers\SolverCurrentOperatingPoint.h">
      <Filter>Header Files</Filter>
    </ClInclude>
    <ClInclude Include="control\gridStateSolvers\SolverSpice.h">
      <Filter>Header Files</Filter>
    </ClInclude>
    <ClInclude Include="model\parser\CSVReader.h">
      <Filter>Header Files</Filter>
    </ClInclude>
    <ClInclude Include="model\parser\SimBenchParser.h">
      <Filter>Header Files</Filter>
    </ClInclude>
    <ClInclude Include="control\gridStateSolvers\SpiceWrapper.h">
      <Filter>Header Files</Filter>
    </ClInclude>
    <ClInclude Include="model\packets\Setpoint.h">
      <Filter>Header Files</Filter>
    </ClInclude>
    <ClInclude Include="model\packets\EP.h">
      <Filter>Header Files</Filter>
    </ClInclude>
    <ClInclude Include="model\packets\EPPowerRectangular.h">
      <Filter>Header Files</Filter>
    </ClInclude>
    <ClInclude Include="model\packets\EPPowerTrapeze.h">
      <Filter>Header Files</Filter>
    </ClInclude>
    <ClInclude Include="model\gridElements\VoltageSource.h">
      <Filter>Header Files</Filter>
    </ClInclude>
    <ClInclude Include="model\gridElements\CableTypes.h">
      <Filter>Header Files</Filter>
    </ClInclude>
    <ClInclude Include="model\gridElements\Coupler.h">
      <Filter>Header Files</Filter>
    </ClInclude>
    <ClInclude Include="model\gridElements\CurrentSource.h">
      <Filter>Header Files</Filter>
    </ClInclude>
    <ClInclude Include="model\gridElements\Line.h">
      <Filter>Header Files</Filter>
    </ClInclude>
    <ClInclude Include="model\gridElements\Node.h">
      <Filter>Header Files</Filter>
    </ClInclude>
    <ClInclude Include="view\VisualizerGrid.h">
      <Filter>Header Files</Filter>
    </ClInclude>
    <ClInclude Include="model\packets\EPCurrentRectangular.h">
      <Filter>Header Files</Filter>
    </ClInclude>
    <ClInclude Include="model\packets\EPCurrentTrapeze.h">
      <Filter>Header Files</Filter>
    </ClInclude>
    <ClInclude Include="model\GridModelHelper.h">
      <Filter>Header Files</Filter>
    </ClInclude>
    <ClInclude Include="model\GridModelGenerator.h">
      <Filter>Header Files</Filter>
    </ClInclude>
    <ClInclude Include="math\Randomizer.h">
      <Filter>Header Files</Filter>
    </ClInclude>
  </ItemGroup>
</Project>